// !$*UTF8*$!
{
	archiveVersion = 1;
	classes = {
	};
	objectVersion = 46;
	objects = {

/* Begin PBXBuildFile section */
		D0F50C3D1BD4DCEB006E49E5 /* main.m in Sources */ = {isa = PBXBuildFile; fileRef = D0F50C3C1BD4DCEB006E49E5 /* main.m */; };
		D0F50C401BD4DCEB006E49E5 /* AppDelegate.m in Sources */ = {isa = PBXBuildFile; fileRef = D0F50C3F1BD4DCEB006E49E5 /* AppDelegate.m */; };
		D0F50C431BD4DCEB006E49E5 /* ViewController.m in Sources */ = {isa = PBXBuildFile; fileRef = D0F50C421BD4DCEB006E49E5 /* ViewController.m */; };
		D0F50C461BD4DCEB006E49E5 /* Main.storyboard in Resources */ = {isa = PBXBuildFile; fileRef = D0F50C441BD4DCEB006E49E5 /* Main.storyboard */; };
		D0F50C481BD4DCEB006E49E5 /* Assets.xcassets in Resources */ = {isa = PBXBuildFile; fileRef = D0F50C471BD4DCEB006E49E5 /* Assets.xcassets */; };
		D0F50C4B1BD4DCEB006E49E5 /* LaunchScreen.storyboard in Resources */ = {isa = PBXBuildFile; fileRef = D0F50C491BD4DCEB006E49E5 /* LaunchScreen.storyboard */; };
		D0F50C561BD4DCEC006E49E5 /* TextKitDemoTests.m in Sources */ = {isa = PBXBuildFile; fileRef = D0F50C551BD4DCEC006E49E5 /* TextKitDemoTests.m */; };
		D0F50C611BD4DCEC006E49E5 /* TextKitDemoUITests.m in Sources */ = {isa = PBXBuildFile; fileRef = D0F50C601BD4DCEC006E49E5 /* TextKitDemoUITests.m */; };
/* End PBXBuildFile section */

/* Begin PBXContainerItemProxy section */
		D0F50C521BD4DCEC006E49E5 /* PBXContainerItemProxy */ = {
			isa = PBXContainerItemProxy;
			containerPortal = D0F50C301BD4DCEB006E49E5 /* Project object */;
			proxyType = 1;
			remoteGlobalIDString = D0F50C371BD4DCEB006E49E5;
			remoteInfo = TextKitDemo;
		};
		D0F50C5D1BD4DCEC006E49E5 /* PBXContainerItemProxy */ = {
			isa = PBXContainerItemProxy;
			containerPortal = D0F50C301BD4DCEB006E49E5 /* Project object */;
			proxyType = 1;
			remoteGlobalIDString = D0F50C371BD4DCEB006E49E5;
			remoteInfo = TextKitDemo;
		};
/* End PBXContainerItemProxy section */

/* Begin PBXFileReference section */
		D0F50C381BD4DCEB006E49E5 /* TextKitDemo.app */ = {isa = PBXFileReference; explicitFileType = wrapper.application; includeInIndex = 0; path = TextKitDemo.app; sourceTree = BUILT_PRODUCTS_DIR; };
		D0F50C3C1BD4DCEB006E49E5 /* main.m */ = {isa = PBXFileReference; lastKnownFileType = sourcecode.c.objc; path = main.m; sourceTree = "<group>"; };
		D0F50C3E1BD4DCEB006E49E5 /* AppDelegate.h */ = {isa = PBXFileReference; lastKnownFileType = sourcecode.c.h; path = AppDelegate.h; sourceTree = "<group>"; };
		D0F50C3F1BD4DCEB006E49E5 /* AppDelegate.m */ = {isa = PBXFileReference; lastKnownFileType = sourcecode.c.objc; path = AppDelegate.m; sourceTree = "<group>"; };
		D0F50C411BD4DCEB006E49E5 /* ViewController.h */ = {isa = PBXFileReference; lastKnownFileType = sourcecode.c.h; path = ViewController.h; sourceTree = "<group>"; };
		D0F50C421BD4DCEB006E49E5 /* ViewController.m */ = {isa = PBXFileReference; lastKnownFileType = sourcecode.c.objc; path = ViewController.m; sourceTree = "<group>"; };
		D0F50C451BD4DCEB006E49E5 /* Base */ = {isa = PBXFileReference; lastKnownFileType = file.storyboard; name = Base; path = Base.lproj/Main.storyboard; sourceTree = "<group>"; };
		D0F50C471BD4DCEB006E49E5 /* Assets.xcassets */ = {isa = PBXFileReference; lastKnownFileType = folder.assetcatalog; path = Assets.xcassets; sourceTree = "<group>"; };
		D0F50C4A1BD4DCEB006E49E5 /* Base */ = {isa = PBXFileReference; lastKnownFileType = file.storyboard; name = Base; path = Base.lproj/LaunchScreen.storyboard; sourceTree = "<group>"; };
		D0F50C4C1BD4DCEB006E49E5 /* Info.plist */ = {isa = PBXFileReference; lastKnownFileType = text.plist.xml; path = Info.plist; sourceTree = "<group>"; };
		D0F50C511BD4DCEC006E49E5 /* TextKitDemoTests.xctest */ = {isa = PBXFileReference; explicitFileType = wrapper.cfbundle; includeInIndex = 0; path = TextKitDemoTests.xctest; sourceTree = BUILT_PRODUCTS_DIR; };
		D0F50C551BD4DCEC006E49E5 /* TextKitDemoTests.m */ = {isa = PBXFileReference; lastKnownFileType = sourcecode.c.objc; path = TextKitDemoTests.m; sourceTree = "<group>"; };
		D0F50C571BD4DCEC006E49E5 /* Info.plist */ = {isa = PBXFileReference; lastKnownFileType = text.plist.xml; path = Info.plist; sourceTree = "<group>"; };
		D0F50C5C1BD4DCEC006E49E5 /* TextKitDemoUITests.xctest */ = {isa = PBXFileReference; explicitFileType = wrapper.cfbundle; includeInIndex = 0; path = TextKitDemoUITests.xctest; sourceTree = BUILT_PRODUCTS_DIR; };
		D0F50C601BD4DCEC006E49E5 /* TextKitDemoUITests.m */ = {isa = PBXFileReference; lastKnownFileType = sourcecode.c.objc; path = TextKitDemoUITests.m; sourceTree = "<group>"; };
		D0F50C621BD4DCEC006E49E5 /* Info.plist */ = {isa = PBXFileReference; lastKnownFileType = text.plist.xml; path = Info.plist; sourceTree = "<group>"; };
/* End PBXFileReference section */

/* Begin PBXFrameworksBuildPhase section */
		D0F50C351BD4DCEB006E49E5 /* Frameworks */ = {
			isa = PBXFrameworksBuildPhase;
			buildActionMask = 2147483647;
			files = (
			);
			runOnlyForDeploymentPostprocessing = 0;
		};
		D0F50C4E1BD4DCEC006E49E5 /* Frameworks */ = {
			isa = PBXFrameworksBuildPhase;
			buildActionMask = 2147483647;
			files = (
			);
			runOnlyForDeploymentPostprocessing = 0;
		};
		D0F50C591BD4DCEC006E49E5 /* Frameworks */ = {
			isa = PBXFrameworksBuildPhase;
			buildActionMask = 2147483647;
			files = (
			);
			runOnlyForDeploymentPostprocessing = 0;
		};
/* End PBXFrameworksBuildPhase section */

/* Begin PBXGroup section */
		D0F50C2F1BD4DCEB006E49E5 = {
			isa = PBXGroup;
			children = (
				D0F50C3A1BD4DCEB006E49E5 /* TextKitDemo */,
				D0F50C541BD4DCEC006E49E5 /* TextKitDemoTests */,
				D0F50C5F1BD4DCEC006E49E5 /* TextKitDemoUITests */,
				D0F50C391BD4DCEB006E49E5 /* Products */,
			);
			sourceTree = "<group>";
		};
		D0F50C391BD4DCEB006E49E5 /* Products */ = {
			isa = PBXGroup;
			children = (
				D0F50C381BD4DCEB006E49E5 /* TextKitDemo.app */,
				D0F50C511BD4DCEC006E49E5 /* TextKitDemoTests.xctest */,
				D0F50C5C1BD4DCEC006E49E5 /* TextKitDemoUITests.xctest */,
			);
			name = Products;
			sourceTree = "<group>";
		};
		D0F50C3A1BD4DCEB006E49E5 /* TextKitDemo */ = {
			isa = PBXGroup;
			children = (
				D0F50C3E1BD4DCEB006E49E5 /* AppDelegate.h */,
				D0F50C3F1BD4DCEB006E49E5 /* AppDelegate.m */,
				D0F50C411BD4DCEB006E49E5 /* ViewController.h */,
				D0F50C421BD4DCEB006E49E5 /* ViewController.m */,
				D0F50C441BD4DCEB006E49E5 /* Main.storyboard */,
				D0F50C471BD4DCEB006E49E5 /* Assets.xcassets */,
				D0F50C491BD4DCEB006E49E5 /* LaunchScreen.storyboard */,
				D0F50C4C1BD4DCEB006E49E5 /* Info.plist */,
				D0F50C3B1BD4DCEB006E49E5 /* Supporting Files */,
			);
			path = TextKitDemo;
			sourceTree = "<group>";
		};
		D0F50C3B1BD4DCEB006E49E5 /* Supporting Files */ = {
			isa = PBXGroup;
			children = (
				D0F50C3C1BD4DCEB006E49E5 /* main.m */,
			);
			name = "Supporting Files";
			sourceTree = "<group>";
		};
		D0F50C541BD4DCEC006E49E5 /* TextKitDemoTests */ = {
			isa = PBXGroup;
			children = (
				D0F50C551BD4DCEC006E49E5 /* TextKitDemoTests.m */,
				D0F50C571BD4DCEC006E49E5 /* Info.plist */,
			);
			path = TextKitDemoTests;
			sourceTree = "<group>";
		};
		D0F50C5F1BD4DCEC006E49E5 /* TextKitDemoUITests */ = {
			isa = PBXGroup;
			children = (
				D0F50C601BD4DCEC006E49E5 /* TextKitDemoUITests.m */,
				D0F50C621BD4DCEC006E49E5 /* Info.plist */,
			);
			path = TextKitDemoUITests;
			sourceTree = "<group>";
		};
/* End PBXGroup section */

/* Begin PBXNativeTarget section */
		D0F50C371BD4DCEB006E49E5 /* TextKitDemo */ = {
			isa = PBXNativeTarget;
			buildConfigurationList = D0F50C651BD4DCEC006E49E5 /* Build configuration list for PBXNativeTarget "TextKitDemo" */;
			buildPhases = (
				D0F50C341BD4DCEB006E49E5 /* Sources */,
				D0F50C351BD4DCEB006E49E5 /* Frameworks */,
				D0F50C361BD4DCEB006E49E5 /* Resources */,
			);
			buildRules = (
			);
			dependencies = (
			);
			name = TextKitDemo;
			productName = TextKitDemo;
			productReference = D0F50C381BD4DCEB006E49E5 /* TextKitDemo.app */;
			productType = "com.apple.product-type.application";
		};
		D0F50C501BD4DCEC006E49E5 /* TextKitDemoTests */ = {
			isa = PBXNativeTarget;
			buildConfigurationList = D0F50C681BD4DCEC006E49E5 /* Build configuration list for PBXNativeTarget "TextKitDemoTests" */;
			buildPhases = (
				D0F50C4D1BD4DCEC006E49E5 /* Sources */,
				D0F50C4E1BD4DCEC006E49E5 /* Frameworks */,
				D0F50C4F1BD4DCEC006E49E5 /* Resources */,
			);
			buildRules = (
			);
			dependencies = (
				D0F50C531BD4DCEC006E49E5 /* PBXTargetDependency */,
			);
			name = TextKitDemoTests;
			productName = TextKitDemoTests;
			productReference = D0F50C511BD4DCEC006E49E5 /* TextKitDemoTests.xctest */;
			productType = "com.apple.product-type.bundle.unit-test";
		};
		D0F50C5B1BD4DCEC006E49E5 /* TextKitDemoUITests */ = {
			isa = PBXNativeTarget;
			buildConfigurationList = D0F50C6B1BD4DCEC006E49E5 /* Build configuration list for PBXNativeTarget "TextKitDemoUITests" */;
			buildPhases = (
				D0F50C581BD4DCEC006E49E5 /* Sources */,
				D0F50C591BD4DCEC006E49E5 /* Frameworks */,
				D0F50C5A1BD4DCEC006E49E5 /* Resources */,
			);
			buildRules = (
			);
			dependencies = (
				D0F50C5E1BD4DCEC006E49E5 /* PBXTargetDependency */,
			);
			name = TextKitDemoUITests;
			productName = TextKitDemoUITests;
			productReference = D0F50C5C1BD4DCEC006E49E5 /* TextKitDemoUITests.xctest */;
			productType = "com.apple.product-type.bundle.ui-testing";
		};
/* End PBXNativeTarget section */

/* Begin PBXProject section */
		D0F50C301BD4DCEB006E49E5 /* Project object */ = {
			isa = PBXProject;
			attributes = {
				LastUpgradeCheck = 0700;
				ORGANIZATIONNAME = wwwins;
				TargetAttributes = {
					D0F50C371BD4DCEB006E49E5 = {
						CreatedOnToolsVersion = 7.0.1;
					};
					D0F50C501BD4DCEC006E49E5 = {
						CreatedOnToolsVersion = 7.0.1;
						TestTargetID = D0F50C371BD4DCEB006E49E5;
					};
					D0F50C5B1BD4DCEC006E49E5 = {
						CreatedOnToolsVersion = 7.0.1;
						TestTargetID = D0F50C371BD4DCEB006E49E5;
					};
				};
			};
			buildConfigurationList = D0F50C331BD4DCEB006E49E5 /* Build configuration list for PBXProject "TextKitDemo" */;
			compatibilityVersion = "Xcode 3.2";
			developmentRegion = English;
			hasScannedForEncodings = 0;
			knownRegions = (
				en,
				Base,
			);
			mainGroup = D0F50C2F1BD4DCEB006E49E5;
			productRefGroup = D0F50C391BD4DCEB006E49E5 /* Products */;
			projectDirPath = "";
			projectRoot = "";
			targets = (
				D0F50C371BD4DCEB006E49E5 /* TextKitDemo */,
				D0F50C501BD4DCEC006E49E5 /* TextKitDemoTests */,
				D0F50C5B1BD4DCEC006E49E5 /* TextKitDemoUITests */,
			);
		};
/* End PBXProject section */

/* Begin PBXResourcesBuildPhase section */
		D0F50C361BD4DCEB006E49E5 /* Resources */ = {
			isa = PBXResourcesBuildPhase;
			buildActionMask = 2147483647;
			files = (
				D0F50C4B1BD4DCEB006E49E5 /* LaunchScreen.storyboard in Resources */,
				D0F50C481BD4DCEB006E49E5 /* Assets.xcassets in Resources */,
				D0F50C461BD4DCEB006E49E5 /* Main.storyboard in Resources */,
			);
			runOnlyForDeploymentPostprocessing = 0;
		};
		D0F50C4F1BD4DCEC006E49E5 /* Resources */ = {
			isa = PBXResourcesBuildPhase;
			buildActionMask = 2147483647;
			files = (
			);
			runOnlyForDeploymentPostprocessing = 0;
		};
		D0F50C5A1BD4DCEC006E49E5 /* Resources */ = {
			isa = PBXResourcesBuildPhase;
			buildActionMask = 2147483647;
			files = (
			);
			runOnlyForDeploymentPostprocessing = 0;
		};
/* End PBXResourcesBuildPhase section */

/* Begin PBXSourcesBuildPhase section */
		D0F50C341BD4DCEB006E49E5 /* Sources */ = {
			isa = PBXSourcesBuildPhase;
			buildActionMask = 2147483647;
			files = (
				D0F50C431BD4DCEB006E49E5 /* ViewController.m in Sources */,
				D0F50C401BD4DCEB006E49E5 /* AppDelegate.m in Sources */,
				D0F50C3D1BD4DCEB006E49E5 /* main.m in Sources */,
			);
			runOnlyForDeploymentPostprocessing = 0;
		};
		D0F50C4D1BD4DCEC006E49E5 /* Sources */ = {
			isa = PBXSourcesBuildPhase;
			buildActionMask = 2147483647;
			files = (
				D0F50C561BD4DCEC006E49E5 /* TextKitDemoTests.m in Sources */,
			);
			runOnlyForDeploymentPostprocessing = 0;
		};
		D0F50C581BD4DCEC006E49E5 /* Sources */ = {
			isa = PBXSourcesBuildPhase;
			buildActionMask = 2147483647;
			files = (
				D0F50C611BD4DCEC006E49E5 /* TextKitDemoUITests.m in Sources */,
			);
			runOnlyForDeploymentPostprocessing = 0;
		};
/* End PBXSourcesBuildPhase section */

/* Begin PBXTargetDependency section */
		D0F50C531BD4DCEC006E49E5 /* PBXTargetDependency */ = {
			isa = PBXTargetDependency;
			target = D0F50C371BD4DCEB006E49E5 /* TextKitDemo */;
			targetProxy = D0F50C521BD4DCEC006E49E5 /* PBXContainerItemProxy */;
		};
		D0F50C5E1BD4DCEC006E49E5 /* PBXTargetDependency */ = {
			isa = PBXTargetDependency;
			target = D0F50C371BD4DCEB006E49E5 /* TextKitDemo */;
			targetProxy = D0F50C5D1BD4DCEC006E49E5 /* PBXContainerItemProxy */;
		};
/* End PBXTargetDependency section */

/* Begin PBXVariantGroup section */
		D0F50C441BD4DCEB006E49E5 /* Main.storyboard */ = {
			isa = PBXVariantGroup;
			children = (
				D0F50C451BD4DCEB006E49E5 /* Base */,
			);
			name = Main.storyboard;
			sourceTree = "<group>";
		};
		D0F50C491BD4DCEB006E49E5 /* LaunchScreen.storyboard */ = {
			isa = PBXVariantGroup;
			children = (
				D0F50C4A1BD4DCEB006E49E5 /* Base */,
			);
			name = LaunchScreen.storyboard;
			sourceTree = "<group>";
		};
/* End PBXVariantGroup section */

/* Begin XCBuildConfiguration section */
		D0F50C631BD4DCEC006E49E5 /* Debug */ = {
			isa = XCBuildConfiguration;
			buildSettings = {
				ALWAYS_SEARCH_USER_PATHS = NO;
				CLANG_CXX_LANGUAGE_STANDARD = "gnu++0x";
				CLANG_CXX_LIBRARY = "libc++";
				CLANG_ENABLE_MODULES = YES;
				CLANG_ENABLE_OBJC_ARC = YES;
				CLANG_WARN_BOOL_CONVERSION = YES;
				CLANG_WARN_CONSTANT_CONVERSION = YES;
				CLANG_WARN_DIRECT_OBJC_ISA_USAGE = YES_ERROR;
				CLANG_WARN_EMPTY_BODY = YES;
				CLANG_WARN_ENUM_CONVERSION = YES;
				CLANG_WARN_INT_CONVERSION = YES;
				CLANG_WARN_OBJC_ROOT_CLASS = YES_ERROR;
				CLANG_WARN_UNREACHABLE_CODE = YES;
				CLANG_WARN__DUPLICATE_METHOD_MATCH = YES;
				"CODE_SIGN_IDENTITY[sdk=iphoneos*]" = "iPhone Developer";
				COPY_PHASE_STRIP = NO;
				DEBUG_INFORMATION_FORMAT = dwarf;
				ENABLE_STRICT_OBJC_MSGSEND = YES;
				ENABLE_TESTABILITY = YES;
				GCC_C_LANGUAGE_STANDARD = gnu99;
				GCC_DYNAMIC_NO_PIC = NO;
				GCC_NO_COMMON_BLOCKS = YES;
				GCC_OPTIMIZATION_LEVEL = 0;
				GCC_PREPROCESSOR_DEFINITIONS = (
					"DEBUG=1",
					"$(inherited)",
				);
				GCC_WARN_64_TO_32_BIT_CONVERSION = YES;
				GCC_WARN_ABOUT_RETURN_TYPE = YES_ERROR;
				GCC_WARN_UNDECLARED_SELECTOR = YES;
				GCC_WARN_UNINITIALIZED_AUTOS = YES_AGGRESSIVE;
				GCC_WARN_UNUSED_FUNCTION = YES;
				GCC_WARN_UNUSED_VARIABLE = YES;
				IPHONEOS_DEPLOYMENT_TARGET = 9.0;
				MTL_ENABLE_DEBUG_INFO = YES;
				ONLY_ACTIVE_ARCH = YES;
				SDKROOT = iphoneos;
				TARGETED_DEVICE_FAMILY = "1,2";
			};
			name = Debug;
		};
		D0F50C641BD4DCEC006E49E5 /* Release */ = {
			isa = XCBuildConfiguration;
			buildSettings = {
				ALWAYS_SEARCH_USER_PATHS = NO;
				CLANG_CXX_LANGUAGE_STANDARD = "gnu++0x";
				CLANG_CXX_LIBRARY = "libc++";
				CLANG_ENABLE_MODULES = YES;
				CLANG_ENABLE_OBJC_ARC = YES;
				CLANG_WARN_BOOL_CONVERSION = YES;
				CLANG_WARN_CONSTANT_CONVERSION = YES;
				CLANG_WARN_DIRECT_OBJC_ISA_USAGE = YES_ERROR;
				CLANG_WARN_EMPTY_BODY = YES;
				CLANG_WARN_ENUM_CONVERSION = YES;
				CLANG_WARN_INT_CONVERSION = YES;
				CLANG_WARN_OBJC_ROOT_CLASS = YES_ERROR;
				CLANG_WARN_UNREACHABLE_CODE = YES;
				CLANG_WARN__DUPLICATE_METHOD_MATCH = YES;
				"CODE_SIGN_IDENTITY[sdk=iphoneos*]" = "iPhone Developer";
				COPY_PHASE_STRIP = NO;
				DEBUG_INFORMATION_FORMAT = "dwarf-with-dsym";
				ENABLE_NS_ASSERTIONS = NO;
				ENABLE_STRICT_OBJC_MSGSEND = YES;
				GCC_C_LANGUAGE_STANDARD = gnu99;
				GCC_NO_COMMON_BLOCKS = YES;
				GCC_WARN_64_TO_32_BIT_CONVERSION = YES;
				GCC_WARN_ABOUT_RETURN_TYPE = YES_ERROR;
				GCC_WARN_UNDECLARED_SELECTOR = YES;
				GCC_WARN_UNINITIALIZED_AUTOS = YES_AGGRESSIVE;
				GCC_WARN_UNUSED_FUNCTION = YES;
				GCC_WARN_UNUSED_VARIABLE = YES;
				IPHONEOS_DEPLOYMENT_TARGET = 9.0;
				MTL_ENABLE_DEBUG_INFO = NO;
				SDKROOT = iphoneos;
				TARGETED_DEVICE_FAMILY = "1,2";
				VALIDATE_PRODUCT = YES;
			};
			name = Release;
		};
		D0F50C661BD4DCEC006E49E5 /* Debug */ = {
			isa = XCBuildConfiguration;
			buildSettings = {
				ASSETCATALOG_COMPILER_APPICON_NAME = AppIcon;
				INFOPLIST_FILE = TextKitDemo/Info.plist;
				IPHONEOS_DEPLOYMENT_TARGET = 9.0;
				LD_RUNPATH_SEARCH_PATHS = "$(inherited) @executable_path/Frameworks";
				PRODUCT_BUNDLE_IDENTIFIER = com.isobar.TextKitDemo;
				PRODUCT_NAME = "$(TARGET_NAME)";
			};
			name = Debug;
		};
		D0F50C671BD4DCEC006E49E5 /* Release */ = {
			isa = XCBuildConfiguration;
			buildSettings = {
				ASSETCATALOG_COMPILER_APPICON_NAME = AppIcon;
				INFOPLIST_FILE = TextKitDemo/Info.plist;
				IPHONEOS_DEPLOYMENT_TARGET = 9.0;
				LD_RUNPATH_SEARCH_PATHS = "$(inherited) @executable_path/Frameworks";
				PRODUCT_BUNDLE_IDENTIFIER = com.isobar.TextKitDemo;
				PRODUCT_NAME = "$(TARGET_NAME)";
			};
			name = Release;
		};
		D0F50C691BD4DCEC006E49E5 /* Debug */ = {
			isa = XCBuildConfiguration;
			buildSettings = {
				BUNDLE_LOADER = "$(TEST_HOST)";
				INFOPLIST_FILE = TextKitDemoTests/Info.plist;
				LD_RUNPATH_SEARCH_PATHS = "$(inherited) @executable_path/Frameworks @loader_path/Frameworks";
				PRODUCT_BUNDLE_IDENTIFIER = com.isobar.TextKitDemoTests;
				PRODUCT_NAME = "$(TARGET_NAME)";
				TEST_HOST = "$(BUILT_PRODUCTS_DIR)/TextKitDemo.app/TextKitDemo";
			};
			name = Debug;
		};
		D0F50C6A1BD4DCEC006E49E5 /* Release */ = {
			isa = XCBuildConfiguration;
			buildSettings = {
				BUNDLE_LOADER = "$(TEST_HOST)";
				INFOPLIST_FILE = TextKitDemoTests/Info.plist;
				LD_RUNPATH_SEARCH_PATHS = "$(inherited) @executable_path/Frameworks @loader_path/Frameworks";
				PRODUCT_BUNDLE_IDENTIFIER = com.isobar.TextKitDemoTests;
				PRODUCT_NAME = "$(TARGET_NAME)";
				TEST_HOST = "$(BUILT_PRODUCTS_DIR)/TextKitDemo.app/TextKitDemo";
			};
			name = Release;
		};
		D0F50C6C1BD4DCEC006E49E5 /* Debug */ = {
			isa = XCBuildConfiguration;
			buildSettings = {
				INFOPLIST_FILE = TextKitDemoUITests/Info.plist;
				LD_RUNPATH_SEARCH_PATHS = "$(inherited) @executable_path/Frameworks @loader_path/Frameworks";
				PRODUCT_BUNDLE_IDENTIFIER = com.isobar.TextKitDemoUITests;
				PRODUCT_NAME = "$(TARGET_NAME)";
				TEST_TARGET_NAME = TextKitDemo;
				USES_XCTRUNNER = YES;
			};
			name = Debug;
		};
		D0F50C6D1BD4DCEC006E49E5 /* Release */ = {
			isa = XCBuildConfiguration;
			buildSettings = {
				INFOPLIST_FILE = TextKitDemoUITests/Info.plist;
				LD_RUNPATH_SEARCH_PATHS = "$(inherited) @executable_path/Frameworks @loader_path/Frameworks";
				PRODUCT_BUNDLE_IDENTIFIER = com.isobar.TextKitDemoUITests;
				PRODUCT_NAME = "$(TARGET_NAME)";
				TEST_TARGET_NAME = TextKitDemo;
				USES_XCTRUNNER = YES;
			};
			name = Release;
		};
/* End XCBuildConfiguration section */

/* Begin XCConfigurationList section */
		D0F50C331BD4DCEB006E49E5 /* Build configuration list for PBXProject "TextKitDemo" */ = {
			isa = XCConfigurationList;
			buildConfigurations = (
				D0F50C631BD4DCEC006E49E5 /* Debug */,
				D0F50C641BD4DCEC006E49E5 /* Release */,
			);
			defaultConfigurationIsVisible = 0;
			defaultConfigurationName = Release;
		};
		D0F50C651BD4DCEC006E49E5 /* Build configuration list for PBXNativeTarget "TextKitDemo" */ = {
			isa = XCConfigurationList;
			buildConfigurations = (
				D0F50C661BD4DCEC006E49E5 /* Debug */,
				D0F50C671BD4DCEC006E49E5 /* Release */,
			);
			defaultConfigurationIsVisible = 0;
		};
		D0F50C681BD4DCEC006E49E5 /* Build configuration list for PBXNativeTarget "TextKitDemoTests" */ = {
			isa = XCConfigurationList;
			buildConfigurations = (
				D0F50C691BD4DCEC006E49E5 /* Debug */,
				D0F50C6A1BD4DCEC006E49E5 /* Release */,
			);
			defaultConfigurationIsVisible = 0;
		};
		D0F50C6B1BD4DCEC006E49E5 /* Build configuration list for PBXNativeTarget "TextKitDemoUITests" */ = {
			isa = XCConfigurationList;
			buildConfigurations = (
				D0F50C6C1BD4DCEC006E49E5 /* Debug */,
				D0F50C6D1BD4DCEC006E49E5 /* Release */,
			);
			defaultConfigurationIsVisible = 0;
		};
/* End XCConfigurationList section */
	};
	rootObject = D0F50C301BD4DCEB006E49E5 /* Project object */;
}
